
Microsoft Visual Studio Solution File, Format Version 12.00
# Visual Studio 14
VisualStudioVersion = 14.0.25420.1
MinimumVisualStudioVersion = 10.0.40219.1
Project("{2150E333-8FDC-42A3-9474-1A3956D46DE8}") = "src", "src", "{0E9190C2-C15D-4F2E-834A-336E2CB9A0E8}"
EndProject
Project("{2150E333-8FDC-42A3-9474-1A3956D46DE8}") = "Solution Items", "Solution Items", "{2B81FDFC-F64B-49ED-8F50-939F8E000BCB}"
	ProjectSection(SolutionItems) = preProject
		global.json = global.json
	EndProjectSection
EndProject
Project("{8BB2217D-0F2D-49D1-97BC-3654ED321F3B}") = "WebApplication8", "src\WebApplication8\WebApplication8.xproj", "{FA18FF95-FB14-4FE6-ACB3-7CE6C05766B1}"
EndProject
Global
	GlobalSection(SolutionConfigurationPlatforms) = preSolution
		Debug|Any CPU = Debug|Any CPU
		Release|Any CPU = Release|Any CPU
	EndGlobalSection
	GlobalSection(ProjectConfigurationPlatforms) = postSolution
		{FA18FF95-FB14-4FE6-ACB3-7CE6C05766B1}.Debug|Any CPU.ActiveCfg = Debug|Any CPU
		{FA18FF95-FB14-4FE6-ACB3-7CE6C05766B1}.Debug|Any CPU.Build.0 = Debug|Any CPU
		{FA18FF95-FB14-4FE6-ACB3-7CE6C05766B1}.Release|Any CPU.ActiveCfg = Release|Any CPU
		{FA18FF95-FB14-4FE6-ACB3-7CE6C05766B1}.Release|Any CPU.Build.0 = Release|Any CPU
	EndGlobalSection
	GlobalSection(SolutionProperties) = preSolution
		HideSolutionNode = FALSE
	EndGlobalSection
	GlobalSection(NestedProjects) = preSolution
		{FA18FF95-FB14-4FE6-ACB3-7CE6C05766B1} = {0E9190C2-C15D-4F2E-834A-336E2CB9A0E8}
	EndGlobalSection
EndGlobal
